
Microsoft Visual Studio Solution File, Format Version 12.00
# Visual Studio 15
VisualStudioVersion = 15.0.27703.2000
MinimumVisualStudioVersion = 10.0.40219.1
Project("{FAE04EC0-301F-11D3-BF4B-00C04F79EFBC}") = "SCCMViewLibrary", "SCCMViewLibrary\SCCMViewLibrary.csproj", "{31F413A3-3E8F-44D8-8178-3F2F7D455548}"
EndProject
Project("{FAE04EC0-301F-11D3-BF4B-00C04F79EFBC}") = "SCCMViewLibraryConsole", "SCCMViewLibraryConsole\SCCMViewLibraryConsole.csproj", "{7DC45D14-9B47-4090-9AD3-93B566A50F5C}"
EndProject
Global
	GlobalSection(SolutionConfigurationPlatforms) = preSolution
		Debug|Any CPU = Debug|Any CPU
		Release|Any CPU = Release|Any CPU
	EndGlobalSection
	GlobalSection(ProjectConfigurationPlatforms) = postSolution
		{31F413A3-3E8F-44D8-8178-3F2F7D455548}.Debug|Any CPU.ActiveCfg = Debug|Any CPU
		{31F413A3-3E8F-44D8-8178-3F2F7D455548}.Debug|Any CPU.Build.0 = Debug|Any CPU
		{31F413A3-3E8F-44D8-8178-3F2F7D455548}.Release|Any CPU.ActiveCfg = Release|Any CPU
		{31F413A3-3E8F-44D8-8178-3F2F7D455548}.Release|Any CPU.Build.0 = Release|Any CPU
		{7DC45D14-9B47-4090-9AD3-93B566A50F5C}.Debug|Any CPU.ActiveCfg = Debug|Any CPU
		{7DC45D14-9B47-4090-9AD3-93B566A50F5C}.Debug|Any CPU.Build.0 = Debug|Any CPU
		{7DC45D14-9B47-4090-9AD3-93B566A50F5C}.Release|Any CPU.ActiveCfg = Release|Any CPU
		{7DC45D14-9B47-4090-9AD3-93B566A50F5C}.Release|Any CPU.Build.0 = Release|Any CPU
	EndGlobalSection
	GlobalSection(SolutionProperties) = preSolution
		HideSolutionNode = FALSE
	EndGlobalSection
	GlobalSection(ExtensibilityGlobals) = postSolution
		SolutionGuid = {C7A300AA-13DB-4C7B-9790-62996B082D68}
	EndGlobalSection
EndGlobal
